
Microsoft Visual Studio Solution File, Format Version 10.00
# Visual Studio 2008
Project("{FAE04EC0-301F-11D3-BF4B-00C04F79EFBC}") = "PhoneGapWindows", "PhoneGapWindows\PhoneGapWindows.csproj", "{FD3C3480-3DF0-47AB-A6CC-D22751ED1766}"
EndProject
Project("{FAE04EC0-301F-11D3-BF4B-00C04F79EFBC}") = "WebKitBrowser", "..\WebKit.NET-0.3-src\trunk\WebKitBrowser\WebKitBrowser.csproj", "{44AFE214-12C7-4280-898D-A7C4AABF1533}"
EndProject
Global
	GlobalSection(SolutionConfigurationPlatforms) = preSolution
		Debug|Any CPU = Debug|Any CPU
		Release|Any CPU = Release|Any CPU
	EndGlobalSection
	GlobalSection(ProjectConfigurationPlatforms) = postSolution
		{FD3C3480-3DF0-47AB-A6CC-D22751ED1766}.Debug|Any CPU.ActiveCfg = Debug|Any CPU
		{FD3C3480-3DF0-47AB-A6CC-D22751ED1766}.Debug|Any CPU.Build.0 = Debug|Any CPU
		{FD3C3480-3DF0-47AB-A6CC-D22751ED1766}.Release|Any CPU.ActiveCfg = Release|Any CPU
		{FD3C3480-3DF0-47AB-A6CC-D22751ED1766}.Release|Any CPU.Build.0 = Release|Any CPU
		{44AFE214-12C7-4280-898D-A7C4AABF1533}.Debug|Any CPU.ActiveCfg = Debug|Any CPU
		{44AFE214-12C7-4280-898D-A7C4AABF1533}.Debug|Any CPU.Build.0 = Debug|Any CPU
		{44AFE214-12C7-4280-898D-A7C4AABF1533}.Release|Any CPU.ActiveCfg = Release|Any CPU
		{44AFE214-12C7-4280-898D-A7C4AABF1533}.Release|Any CPU.Build.0 = Release|Any CPU
	EndGlobalSection
	GlobalSection(SolutionProperties) = preSolution
		HideSolutionNode = FALSE
	EndGlobalSection
EndGlobal
